
Microsoft Visual Studio Solution File, Format Version 12.00
# Visual Studio Version 17
VisualStudioVersion = 17.2.32516.85
MinimumVisualStudioVersion = 10.0.40219.1
Project("{8BC9CEB8-8B4A-11D0-8D11-00A0C91BC942}") = "第十五章", "第十五章.vcxproj", "{97604060-275D-4CEF-B360-8C3F0533391B}"
EndProject
Global
	GlobalSection(SolutionConfigurationPlatforms) = preSolution
		Debug|x64 = Debug|x64
		Debug|x86 = Debug|x86
		Release|x64 = Release|x64
		Release|x86 = Release|x86
	EndGlobalSection
	GlobalSection(ProjectConfigurationPlatforms) = postSolution
		{97604060-275D-4CEF-B360-8C3F0533391B}.Debug|x64.ActiveCfg = Debug|x64
		{97604060-275D-4CEF-B360-8C3F0533391B}.Debug|x64.Build.0 = Debug|x64
		{97604060-275D-4CEF-B360-8C3F0533391B}.Debug|x86.ActiveCfg = Debug|Win32
		{97604060-275D-4CEF-B360-8C3F0533391B}.Debug|x86.Build.0 = Debug|Win32
		{97604060-275D-4CEF-B360-8C3F0533391B}.Release|x64.ActiveCfg = Release|x64
		{97604060-275D-4CEF-B360-8C3F0533391B}.Release|x64.Build.0 = Release|x64
		{97604060-275D-4CEF-B360-8C3F0533391B}.Release|x86.ActiveCfg = Release|Win32
		{97604060-275D-4CEF-B360-8C3F0533391B}.Release|x86.Build.0 = Release|Win32
	EndGlobalSection
	GlobalSection(SolutionProperties) = preSolution
		HideSolutionNode = FALSE
	EndGlobalSection
	GlobalSection(ExtensibilityGlobals) = postSolution
		SolutionGuid = {50EACA30-8EA3-49FA-A7B2-92FD03625F6A}
	EndGlobalSection
EndGlobal
